// !$*UTF8*$!
{
	archiveVersion = 1;
	classes = {
	};
	objectVersion = 56;
	objects = {

/* Begin PBXBuildFile section */
		468E2FA62ADAF5C000B274BD /* main.swift in Sources */ = {isa = PBXBuildFile; fileRef = 468E2FA52ADAF5C000B274BD /* main.swift */; };
		4698B7592B24C7CB004944C4 /* SolutionA.swift in Sources */ = {isa = PBXBuildFile; fileRef = 4698B7582B24C7CB004944C4 /* SolutionA.swift */; };
		4698B75B2B24C7D6004944C4 /* SolutionB.swift in Sources */ = {isa = PBXBuildFile; fileRef = 4698B75A2B24C7D6004944C4 /* SolutionB.swift */; };
		4698B75E2B24C80E004944C4 /* Algorithms in Frameworks */ = {isa = PBXBuildFile; productRef = 4698B75D2B24C80E004944C4 /* Algorithms */; };
		4698B7612B24C816004944C4 /* AOCKit in Frameworks */ = {isa = PBXBuildFile; productRef = 4698B7602B24C816004944C4 /* AOCKit */; };
/* End PBXBuildFile section */

/* Begin PBXCopyFilesBuildPhase section */
		468E2FA02ADAF5C000B274BD /* CopyFiles */ = {
			isa = PBXCopyFilesBuildPhase;
			buildActionMask = 2147483647;
			dstPath = /usr/share/man/man1/;
			dstSubfolderSpec = 0;
			files = (
			);
			runOnlyForDeploymentPostprocessing = 1;
		};
/* End PBXCopyFilesBuildPhase section */

/* Begin PBXFileReference section */
		468E2FA22ADAF5C000B274BD /* 09 */ = {isa = PBXFileReference; explicitFileType = "compiled.mach-o.executable"; includeInIndex = 0; path = 09; sourceTree = BUILT_PRODUCTS_DIR; };
		468E2FA52ADAF5C000B274BD /* main.swift */ = {isa = PBXFileReference; lastKnownFileType = sourcecode.swift; path = main.swift; sourceTree = "<group>"; };
		4698B7582B24C7CB004944C4 /* SolutionA.swift */ = {isa = PBXFileReference; lastKnownFileType = sourcecode.swift; path = SolutionA.swift; sourceTree = "<group>"; };
		4698B75A2B24C7D6004944C4 /* SolutionB.swift */ = {isa = PBXFileReference; lastKnownFileType = sourcecode.swift; path = SolutionB.swift; sourceTree = "<group>"; };
		4698B7622B24C834004944C4 /* SampleData.txt */ = {isa = PBXFileReference; lastKnownFileType = text; path = SampleData.txt; sourceTree = "<group>"; };
		4698B7632B24C840004944C4 /* RealData.txt */ = {isa = PBXFileReference; lastKnownFileType = text; path = RealData.txt; sourceTree = "<group>"; };
/* End PBXFileReference section */

/* Begin PBXFrameworksBuildPhase section */
		468E2F9F2ADAF5C000B274BD /* Frameworks */ = {
			isa = PBXFrameworksBuildPhase;
			buildActionMask = 2147483647;
			files = (
				4698B75E2B24C80E004944C4 /* Algorithms in Frameworks */,
				4698B7612B24C816004944C4 /* AOCKit in Frameworks */,
			);
			runOnlyForDeploymentPostprocessing = 0;
		};
/* End PBXFrameworksBuildPhase section */

/* Begin PBXGroup section */
		468E2F992ADAF5C000B274BD = {
			isa = PBXGroup;
			children = (
				468E2FA42ADAF5C000B274BD /* 09 */,
				468E2FA32ADAF5C000B274BD /* Products */,
				4698B75F2B24C816004944C4 /* Frameworks */,
			);
			sourceTree = "<group>";
		};
		468E2FA32ADAF5C000B274BD /* Products */ = {
			isa = PBXGroup;
			children = (
				468E2FA22ADAF5C000B274BD /* 09 */,
			);
			name = Products;
			sourceTree = "<group>";
		};
		468E2FA42ADAF5C000B274BD /* 09 */ = {
			isa = PBXGroup;
			children = (
				468E2FA52ADAF5C000B274BD /* main.swift */,
				4698B7582B24C7CB004944C4 /* SolutionA.swift */,
				4698B75A2B24C7D6004944C4 /* SolutionB.swift */,
				4698B7622B24C834004944C4 /* SampleData.txt */,
				4698B7632B24C840004944C4 /* RealData.txt */,
			);
			path = 09;
			sourceTree = "<group>";
		};
		4698B75F2B24C816004944C4 /* Frameworks */ = {
			isa = PBXGroup;
			children = (
			);
			name = Frameworks;
			sourceTree = "<group>";
		};
/* End PBXGroup section */

/* Begin PBXNativeTarget section */
		468E2FA12ADAF5C000B274BD /* 09 */ = {
			isa = PBXNativeTarget;
			buildConfigurationList = 468E2FA92ADAF5C000B274BD /* Build configuration list for PBXNativeTarget "09" */;
			buildPhases = (
				468E2F9E2ADAF5C000B274BD /* Sources */,
				468E2F9F2ADAF5C000B274BD /* Frameworks */,
				468E2FA02ADAF5C000B274BD /* CopyFiles */,
			);
			buildRules = (
			);
			dependencies = (
			);
			name = 09;
			packageProductDependencies = (
				4698B75D2B24C80E004944C4 /* Algorithms */,
				4698B7602B24C816004944C4 /* AOCKit */,
			);
			productName = 09;
			productReference = 468E2FA22ADAF5C000B274BD /* 09 */;
			productType = "com.apple.product-type.tool";
		};
/* End PBXNativeTarget section */

/* Begin PBXProject section */
		468E2F9A2ADAF5C000B274BD /* Project object */ = {
			isa = PBXProject;
			attributes = {
				BuildIndependentTargetsInParallel = 1;
				LastSwiftUpdateCheck = 1500;
				LastUpgradeCheck = 1500;
				TargetAttributes = {
					468E2FA12ADAF5C000B274BD = {
						CreatedOnToolsVersion = 15.0;
					};
				};
			};
			buildConfigurationList = 468E2F9D2ADAF5C000B274BD /* Build configuration list for PBXProject "09" */;
			compatibilityVersion = "Xcode 14.0";
			developmentRegion = en;
			hasScannedForEncodings = 0;
			knownRegions = (
				en,
				Base,
			);
			mainGroup = 468E2F992ADAF5C000B274BD;
			packageReferences = (
				4698B75C2B24C80E004944C4 /* XCRemoteSwiftPackageReference "swift-algorithms" */,
			);
			productRefGroup = 468E2FA32ADAF5C000B274BD /* Products */;
			projectDirPath = "";
			projectRoot = "";
			targets = (
				468E2FA12ADAF5C000B274BD /* 09 */,
			);
		};
/* End PBXProject section */

/* Begin PBXSourcesBuildPhase section */
		468E2F9E2ADAF5C000B274BD /* Sources */ = {
			isa = PBXSourcesBuildPhase;
			buildActionMask = 2147483647;
			files = (
				4698B75B2B24C7D6004944C4 /* SolutionB.swift in Sources */,
				4698B7592B24C7CB004944C4 /* SolutionA.swift in Sources */,
				468E2FA62ADAF5C000B274BD /* main.swift in Sources */,
			);
			runOnlyForDeploymentPostprocessing = 0;
		};
/* End PBXSourcesBuildPhase section */

/* Begin XCBuildConfiguration section */
		468E2FA72ADAF5C000B274BD /* Debug */ = {
			isa = XCBuildConfiguration;
			buildSettings = {
				ALWAYS_SEARCH_USER_PATHS = NO;
				ASSETCATALOG_COMPILER_GENERATE_SWIFT_ASSET_SYMBOL_EXTENSIONS = YES;
				CLANG_ANALYZER_NONNULL = YES;
				CLANG_ANALYZER_NUMBER_OBJECT_CONVERSION = YES_AGGRESSIVE;
				CLANG_CXX_LANGUAGE_STANDARD = "gnu++20";
				CLANG_ENABLE_MODULES = YES;
				CLANG_ENABLE_OBJC_ARC = YES;
				CLANG_ENABLE_OBJC_WEAK = YES;
				CLANG_WARN_BLOCK_CAPTURE_AUTORELEASING = YES;
				CLANG_WARN_BOOL_CONVERSION = YES;
				CLANG_WARN_COMMA = YES;
				CLANG_WARN_CONSTANT_CONVERSION = YES;
				CLANG_WARN_DEPRECATED_OBJC_IMPLEMENTATIONS = YES;
				CLANG_WARN_DIRECT_OBJC_ISA_USAGE = YES_ERROR;
				CLANG_WARN_DOCUMENTATION_COMMENTS = YES;
				CLANG_WARN_EMPTY_BODY = YES;
				CLANG_WARN_ENUM_CONVERSION = YES;
				CLANG_WARN_INFINITE_RECURSION = YES;
				CLANG_WARN_INT_CONVERSION = YES;
				CLANG_WARN_NON_LITERAL_NULL_CONVERSION = YES;
				CLANG_WARN_OBJC_IMPLICIT_RETAIN_SELF = YES;
				CLANG_WARN_OBJC_LITERAL_CONVERSION = YES;
				CLANG_WARN_OBJC_ROOT_CLASS = YES_ERROR;
				CLANG_WARN_QUOTED_INCLUDE_IN_FRAMEWORK_HEADER = YES;
				CLANG_WARN_RANGE_LOOP_ANALYSIS = YES;
				CLANG_WARN_STRICT_PROTOTYPES = YES;
				CLANG_WARN_SUSPICIOUS_MOVE = YES;
				CLANG_WARN_UNGUARDED_AVAILABILITY = YES_AGGRESSIVE;
				CLANG_WARN_UNREACHABLE_CODE = YES;
				CLANG_WARN__DUPLICATE_METHOD_MATCH = YES;
				COPY_PHASE_STRIP = NO;
				DEBUG_INFORMATION_FORMAT = dwarf;
				ENABLE_STRICT_OBJC_MSGSEND = YES;
				ENABLE_TESTABILITY = YES;
				ENABLE_USER_SCRIPT_SANDBOXING = YES;
				GCC_C_LANGUAGE_STANDARD = gnu17;
				GCC_DYNAMIC_NO_PIC = NO;
				GCC_NO_COMMON_BLOCKS = YES;
				GCC_OPTIMIZATION_LEVEL = 0;
				GCC_PREPROCESSOR_DEFINITIONS = (
					"DEBUG=1",
					"$(inherited)",
				);
				GCC_WARN_64_TO_32_BIT_CONVERSION = YES;
				GCC_WARN_ABOUT_RETURN_TYPE = YES_ERROR;
				GCC_WARN_UNDECLARED_SELECTOR = YES;
				GCC_WARN_UNINITIALIZED_AUTOS = YES_AGGRESSIVE;
				GCC_WARN_UNUSED_FUNCTION = YES;
				GCC_WARN_UNUSED_VARIABLE = YES;
				LOCALIZATION_PREFERS_STRING_CATALOGS = YES;
				MACOSX_DEPLOYMENT_TARGET = 14.0;
				MTL_ENABLE_DEBUG_INFO = INCLUDE_SOURCE;
				MTL_FAST_MATH = YES;
				ONLY_ACTIVE_ARCH = YES;
				SDKROOT = macosx;
				SWIFT_ACTIVE_COMPILATION_CONDITIONS = "DEBUG $(inherited)";
				SWIFT_OPTIMIZATION_LEVEL = "-Onone";
			};
			name = Debug;
		};
		468E2FA82ADAF5C000B274BD /* Release */ = {
			isa = XCBuildConfiguration;
			buildSettings = {
				ALWAYS_SEARCH_USER_PATHS = NO;
				ASSETCATALOG_COMPILER_GENERATE_SWIFT_ASSET_SYMBOL_EXTENSIONS = YES;
				CLANG_ANALYZER_NONNULL = YES;
				CLANG_ANALYZER_NUMBER_OBJECT_CONVERSION = YES_AGGRESSIVE;
				CLANG_CXX_LANGUAGE_STANDARD = "gnu++20";
				CLANG_ENABLE_MODULES = YES;
				CLANG_ENABLE_OBJC_ARC = YES;
				CLANG_ENABLE_OBJC_WEAK = YES;
				CLANG_WARN_BLOCK_CAPTURE_AUTORELEASING = YES;
				CLANG_WARN_BOOL_CONVERSION = YES;
				CLANG_WARN_COMMA = YES;
				CLANG_WARN_CONSTANT_CONVERSION = YES;
				CLANG_WARN_DEPRECATED_OBJC_IMPLEMENTATIONS = YES;
				CLANG_WARN_DIRECT_OBJC_ISA_USAGE = YES_ERROR;
				CLANG_WARN_DOCUMENTATION_COMMENTS = YES;
				CLANG_WARN_EMPTY_BODY = YES;
				CLANG_WARN_ENUM_CONVERSION = YES;
				CLANG_WARN_INFINITE_RECURSION = YES;
				CLANG_WARN_INT_CONVERSION = YES;
				CLANG_WARN_NON_LITERAL_NULL_CONVERSION = YES;
				CLANG_WARN_OBJC_IMPLICIT_RETAIN_SELF = YES;
				CLANG_WARN_OBJC_LITERAL_CONVERSION = YES;
				CLANG_WARN_OBJC_ROOT_CLASS = YES_ERROR;
				CLANG_WARN_QUOTED_INCLUDE_IN_FRAMEWORK_HEADER = YES;
				CLANG_WARN_RANGE_LOOP_ANALYSIS = YES;
				CLANG_WARN_STRICT_PROTOTYPES = YES;
				CLANG_WARN_SUSPICIOUS_MOVE = YES;
				CLANG_WARN_UNGUARDED_AVAILABILITY = YES_AGGRESSIVE;
				CLANG_WARN_UNREACHABLE_CODE = YES;
				CLANG_WARN__DUPLICATE_METHOD_MATCH = YES;
				COPY_PHASE_STRIP = NO;
				DEBUG_INFORMATION_FORMAT = "dwarf-with-dsym";
				ENABLE_NS_ASSERTIONS = NO;
				ENABLE_STRICT_OBJC_MSGSEND = YES;
				ENABLE_USER_SCRIPT_SANDBOXING = YES;
				GCC_C_LANGUAGE_STANDARD = gnu17;
				GCC_NO_COMMON_BLOCKS = YES;
				GCC_WARN_64_TO_32_BIT_CONVERSION = YES;
				GCC_WARN_ABOUT_RETURN_TYPE = YES_ERROR;
				GCC_WARN_UNDECLARED_SELECTOR = YES;
				GCC_WARN_UNINITIALIZED_AUTOS = YES_AGGRESSIVE;
				GCC_WARN_UNUSED_FUNCTION = YES;
				GCC_WARN_UNUSED_VARIABLE = YES;
				LOCALIZATION_PREFERS_STRING_CATALOGS = YES;
				MACOSX_DEPLOYMENT_TARGET = 14.0;
				MTL_ENABLE_DEBUG_INFO = NO;
				MTL_FAST_MATH = YES;
				SDKROOT = macosx;
				SWIFT_COMPILATION_MODE = wholemodule;
			};
			name = Release;
		};
		468E2FAA2ADAF5C000B274BD /* Debug */ = {
			isa = XCBuildConfiguration;
			buildSettings = {
				CODE_SIGN_STYLE = Automatic;
				DEVELOPMENT_TEAM = 35RU8AKZX8;
				ENABLE_HARDENED_RUNTIME = YES;
				PRODUCT_NAME = "$(TARGET_NAME)";
				SWIFT_VERSION = 5.0;
			};
			name = Debug;
		};
		468E2FAB2ADAF5C000B274BD /* Release */ = {
			isa = XCBuildConfiguration;
			buildSettings = {
				CODE_SIGN_STYLE = Automatic;
				DEVELOPMENT_TEAM = 35RU8AKZX8;
				ENABLE_HARDENED_RUNTIME = YES;
				PRODUCT_NAME = "$(TARGET_NAME)";
				SWIFT_VERSION = 5.0;
			};
			name = Release;
		};
/* End XCBuildConfiguration section */

/* Begin XCConfigurationList section */
		468E2F9D2ADAF5C000B274BD /* Build configuration list for PBXProject "09" */ = {
			isa = XCConfigurationList;
			buildConfigurations = (
				468E2FA72ADAF5C000B274BD /* Debug */,
				468E2FA82ADAF5C000B274BD /* Release */,
			);
			defaultConfigurationIsVisible = 0;
			defaultConfigurationName = Release;
		};
		468E2FA92ADAF5C000B274BD /* Build configuration list for PBXNativeTarget "09" */ = {
			isa = XCConfigurationList;
			buildConfigurations = (
				468E2FAA2ADAF5C000B274BD /* Debug */,
				468E2FAB2ADAF5C000B274BD /* Release */,
			);
			defaultConfigurationIsVisible = 0;
			defaultConfigurationName = Release;
		};
/* End XCConfigurationList section */

/* Begin XCRemoteSwiftPackageReference section */
		4698B75C2B24C80E004944C4 /* XCRemoteSwiftPackageReference "swift-algorithms" */ = {
			isa = XCRemoteSwiftPackageReference;
			repositoryURL = "https://github.com/apple/swift-algorithms.git";
			requirement = {
				kind = upToNextMajorVersion;
				minimumVersion = 1.2.0;
			};
		};
/* End XCRemoteSwiftPackageReference section */

/* Begin XCSwiftPackageProductDependency section */
		4698B75D2B24C80E004944C4 /* Algorithms */ = {
			isa = XCSwiftPackageProductDependency;
			package = 4698B75C2B24C80E004944C4 /* XCRemoteSwiftPackageReference "swift-algorithms" */;
			productName = Algorithms;
		};
		4698B7602B24C816004944C4 /* AOCKit */ = {
			isa = XCSwiftPackageProductDependency;
			productName = AOCKit;
		};
/* End XCSwiftPackageProductDependency section */
	};
	rootObject = 468E2F9A2ADAF5C000B274BD /* Project object */;
}
